
Microsoft Visual Studio Solution File, Format Version 12.00
# Visual Studio Version 16
VisualStudioVersion = 16.0.28822.285
MinimumVisualStudioVersion = 10.0.40219.1
Project("{9A19103F-16F7-4668-BE54-9A1E7A4F7556}") = "Dapper.Builder", "src\Dapper.Builder\Dapper.Builder.csproj", "{8FEB5A3D-5716-4228-95C7-70068966EB05}"
EndProject
Project("{9A19103F-16F7-4668-BE54-9A1E7A4F7556}") = "Dapper.Builder.Tests", "tests\Dapper.Builder.Tests\Dapper.Builder.Tests.csproj", "{CFD1DBC4-0657-4694-B358-D46297A5A6DD}"
EndProject
Project("{FAE04EC0-301F-11D3-BF4B-00C04F79EFBC}") = "Dapper.Builder.Autofac", "src\Dapper.Builder.Autofac\Dapper.Builder.Autofac.csproj", "{E45CED36-994A-4830-939F-737D1C9E0FED}"
EndProject
Project("{FAE04EC0-301F-11D3-BF4B-00C04F79EFBC}") = "Dapper.Builder.Core", "src\Dapper.Builder.Core\Dapper.Builder.Core.csproj", "{DA6B6ECB-988C-4524-8A15-B895870D4E2C}"
EndProject
Global
	GlobalSection(SolutionConfigurationPlatforms) = preSolution
		Debug|Any CPU = Debug|Any CPU
		Release|Any CPU = Release|Any CPU
	EndGlobalSection
	GlobalSection(ProjectConfigurationPlatforms) = postSolution
		{8FEB5A3D-5716-4228-95C7-70068966EB05}.Debug|Any CPU.ActiveCfg = Debug|Any CPU
		{8FEB5A3D-5716-4228-95C7-70068966EB05}.Debug|Any CPU.Build.0 = Debug|Any CPU
		{8FEB5A3D-5716-4228-95C7-70068966EB05}.Release|Any CPU.ActiveCfg = Release|Any CPU
		{8FEB5A3D-5716-4228-95C7-70068966EB05}.Release|Any CPU.Build.0 = Release|Any CPU
		{CFD1DBC4-0657-4694-B358-D46297A5A6DD}.Debug|Any CPU.ActiveCfg = Debug|Any CPU
		{CFD1DBC4-0657-4694-B358-D46297A5A6DD}.Debug|Any CPU.Build.0 = Debug|Any CPU
		{CFD1DBC4-0657-4694-B358-D46297A5A6DD}.Release|Any CPU.ActiveCfg = Release|Any CPU
		{CFD1DBC4-0657-4694-B358-D46297A5A6DD}.Release|Any CPU.Build.0 = Release|Any CPU
		{E45CED36-994A-4830-939F-737D1C9E0FED}.Debug|Any CPU.ActiveCfg = Debug|Any CPU
		{E45CED36-994A-4830-939F-737D1C9E0FED}.Debug|Any CPU.Build.0 = Debug|Any CPU
		{E45CED36-994A-4830-939F-737D1C9E0FED}.Release|Any CPU.ActiveCfg = Release|Any CPU
		{E45CED36-994A-4830-939F-737D1C9E0FED}.Release|Any CPU.Build.0 = Release|Any CPU
		{DA6B6ECB-988C-4524-8A15-B895870D4E2C}.Debug|Any CPU.ActiveCfg = Debug|Any CPU
		{DA6B6ECB-988C-4524-8A15-B895870D4E2C}.Debug|Any CPU.Build.0 = Debug|Any CPU
		{DA6B6ECB-988C-4524-8A15-B895870D4E2C}.Release|Any CPU.ActiveCfg = Release|Any CPU
		{DA6B6ECB-988C-4524-8A15-B895870D4E2C}.Release|Any CPU.Build.0 = Release|Any CPU
	EndGlobalSection
	GlobalSection(SolutionProperties) = preSolution
		HideSolutionNode = FALSE
	EndGlobalSection
	GlobalSection(ExtensibilityGlobals) = postSolution
		SolutionGuid = {B577EDB1-CDB0-49EC-AD30-4AE5793F64C4}
	EndGlobalSection
EndGlobal
